
Microsoft Visual Studio Solution File, Format Version 12.00
# Visual Studio Version 17
VisualStudioVersion = 17.2.32526.322
MinimumVisualStudioVersion = 10.0.40219.1
Project("{9A19103F-16F7-4668-BE54-9A1E7A4F7556}") = "Tasks-web", "CRUD-WEB\Tasks-web.csproj", "{B85ED6FF-59B5-4498-9BD4-0E91CEB317BF}"
EndProject
Global
	GlobalSection(SolutionConfigurationPlatforms) = preSolution
		Debug|Any CPU = Debug|Any CPU
		Release|Any CPU = Release|Any CPU
	EndGlobalSection
	GlobalSection(ProjectConfigurationPlatforms) = postSolution
		{B85ED6FF-59B5-4498-9BD4-0E91CEB317BF}.Debug|Any CPU.ActiveCfg = Debug|Any CPU
		{B85ED6FF-59B5-4498-9BD4-0E91CEB317BF}.Debug|Any CPU.Build.0 = Debug|Any CPU
		{B85ED6FF-59B5-4498-9BD4-0E91CEB317BF}.Release|Any CPU.ActiveCfg = Release|Any CPU
		{B85ED6FF-59B5-4498-9BD4-0E91CEB317BF}.Release|Any CPU.Build.0 = Release|Any CPU
	EndGlobalSection
	GlobalSection(SolutionProperties) = preSolution
		HideSolutionNode = FALSE
	EndGlobalSection
	GlobalSection(ExtensibilityGlobals) = postSolution
		SolutionGuid = {007CE8EE-49BD-454E-9A25-54BB67E0CB1F}
	EndGlobalSection
EndGlobal
